
Microsoft Visual Studio Solution File, Format Version 12.00
# Visual Studio Version 17
VisualStudioVersion = 17.14.37216.2 d17.14
MinimumVisualStudioVersion = 10.0.40219.1
Project("{FAE04EC0-301F-11D3-BF4B-00C04F79EFBC}") = "Zaverecny_projekt_novy", "Zaverecny_projekt_novy\Zaverecny_projekt_novy.csproj", "{D29C8FB1-5DE9-4698-AEE2-35D80C858402}"
EndProject
Global
	GlobalSection(SolutionConfigurationPlatforms) = preSolution
		Debug|Any CPU = Debug|Any CPU
		Release|Any CPU = Release|Any CPU
	EndGlobalSection
	GlobalSection(ProjectConfigurationPlatforms) = postSolution
		{D29C8FB1-5DE9-4698-AEE2-35D80C858402}.Debug|Any CPU.ActiveCfg = Debug|Any CPU
		{D29C8FB1-5DE9-4698-AEE2-35D80C858402}.Debug|Any CPU.Build.0 = Debug|Any CPU
		{D29C8FB1-5DE9-4698-AEE2-35D80C858402}.Release|Any CPU.ActiveCfg = Release|Any CPU
		{D29C8FB1-5DE9-4698-AEE2-35D80C858402}.Release|Any CPU.Build.0 = Release|Any CPU
	EndGlobalSection
	GlobalSection(SolutionProperties) = preSolution
		HideSolutionNode = FALSE
	EndGlobalSection
	GlobalSection(ExtensibilityGlobals) = postSolution
		SolutionGuid = {2CAB7269-ED1B-4F3F-9ECC-B70AD9752DE6}
	EndGlobalSection
EndGlobal
